{
  "requires": true,
  "lockfileVersion": 1,
  "dependencies": {
    "ak-kaleidoscope": {
      "version": "1.0.0",
      "resolved": "https://registry.npmjs.org/ak-kaleidoscope/-/ak-kaleidoscope-1.0.0.tgz",
      "integrity": "sha512-hsxhs2Qt9rI79wEW/toUWKhIQ+otDGVEJ+vVYQgLz7ojPAPkddJlljWTp0jNns4/77/Mw5YrwLHzmUIXO9bJvQ=="
    }
  }
}
